
Microsoft Visual Studio Solution File, Format Version 12.00
# Visual Studio Version 16
VisualStudioVersion = 16.0.28803.916
MinimumVisualStudioVersion = 10.0.40219.1
Project("{FAE04EC0-301F-11D3-BF4B-00C04F79EFBC}") = "PRJCalculadoraSimples01", "PRJCalculadoraSimples01\PRJCalculadoraSimples01.csproj", "{C88F8AED-4B4C-456D-9815-6592D5E0EF59}"
EndProject
Global
	GlobalSection(SolutionConfigurationPlatforms) = preSolution
		Debug|Any CPU = Debug|Any CPU
		Release|Any CPU = Release|Any CPU
	EndGlobalSection
	GlobalSection(ProjectConfigurationPlatforms) = postSolution
		{C88F8AED-4B4C-456D-9815-6592D5E0EF59}.Debug|Any CPU.ActiveCfg = Debug|Any CPU
		{C88F8AED-4B4C-456D-9815-6592D5E0EF59}.Debug|Any CPU.Build.0 = Debug|Any CPU
		{C88F8AED-4B4C-456D-9815-6592D5E0EF59}.Release|Any CPU.ActiveCfg = Release|Any CPU
		{C88F8AED-4B4C-456D-9815-6592D5E0EF59}.Release|Any CPU.Build.0 = Release|Any CPU
	EndGlobalSection
	GlobalSection(SolutionProperties) = preSolution
		HideSolutionNode = FALSE
	EndGlobalSection
	GlobalSection(ExtensibilityGlobals) = postSolution
		SolutionGuid = {36235B6C-F491-4716-A159-FB92765AC7A3}
	EndGlobalSection
EndGlobal
